
Microsoft Visual Studio Solution File, Format Version 11.00
# Visual Studio 2010
Project("{8BC9CEB8-8B4A-11D0-8D11-00A0C91BC942}") = "Dictionary", "Dictionary\Dictionary.vcxproj", "{606E75CB-237E-460A-B073-2F5797A6009D}"
EndProject
Global
	GlobalSection(SolutionConfigurationPlatforms) = preSolution
		Debug|Win32 = Debug|Win32
		Release|Win32 = Release|Win32
	EndGlobalSection
	GlobalSection(ProjectConfigurationPlatforms) = postSolution
		{606E75CB-237E-460A-B073-2F5797A6009D}.Debug|Win32.ActiveCfg = Debug|Win32
		{606E75CB-237E-460A-B073-2F5797A6009D}.Debug|Win32.Build.0 = Debug|Win32
		{606E75CB-237E-460A-B073-2F5797A6009D}.Release|Win32.ActiveCfg = Release|Win32
		{606E75CB-237E-460A-B073-2F5797A6009D}.Release|Win32.Build.0 = Release|Win32
	EndGlobalSection
	GlobalSection(SolutionProperties) = preSolution
		HideSolutionNode = FALSE
	EndGlobalSection
EndGlobal
